// !$*UTF8*$!
{
	archiveVersion = 1;
	classes = {
	};
	objectVersion = 50;
	objects = {

/* Begin PBXBuildFile section */
		1290CDD322175F940061C036 /* SecretKeys.swift in Sources */ = {isa = PBXBuildFile; fileRef = 1290CDD222175F940061C036 /* SecretKeys.swift */; };
		2EBA68E82214F513009FD8D1 /* VenuesModel.swift in Sources */ = {isa = PBXBuildFile; fileRef = 2EBA68C52214F512009FD8D1 /* VenuesModel.swift */; };
		2EBA68E92214F513009FD8D1 /* AVenueModel.swift in Sources */ = {isa = PBXBuildFile; fileRef = 2EBA68C62214F512009FD8D1 /* AVenueModel.swift */; };
		2EBA68EA2214F513009FD8D1 /* CreateTipModel.swift in Sources */ = {isa = PBXBuildFile; fileRef = 2EBA68C72214F512009FD8D1 /* CreateTipModel.swift */; };
		2EBA68EB2214F513009FD8D1 /* CollectionModel.swift in Sources */ = {isa = PBXBuildFile; fileRef = 2EBA68C82214F512009FD8D1 /* CollectionModel.swift */; };
		2EBA68EC2214F513009FD8D1 /* DataPersistanceManager.swift in Sources */ = {isa = PBXBuildFile; fileRef = 2EBA68CA2214F512009FD8D1 /* DataPersistanceManager.swift */; };
		2EBA68ED2214F513009FD8D1 /* TipCreatorHelper.swift in Sources */ = {isa = PBXBuildFile; fileRef = 2EBA68CB2214F512009FD8D1 /* TipCreatorHelper.swift */; };
		2EBA68EE2214F513009FD8D1 /* CollectionPersistanceHelper.swift in Sources */ = {isa = PBXBuildFile; fileRef = 2EBA68CC2214F512009FD8D1 /* CollectionPersistanceHelper.swift */; };
		2EBA68EF2214F513009FD8D1 /* Date+Extension.swift in Sources */ = {isa = PBXBuildFile; fileRef = 2EBA68CE2214F512009FD8D1 /* Date+Extension.swift */; };
		2EBA68F02214F513009FD8D1 /* String+Extension.swift in Sources */ = {isa = PBXBuildFile; fileRef = 2EBA68CF2214F512009FD8D1 /* String+Extension.swift */; };
		2EBA68F22214F513009FD8D1 /* ListViewController.swift in Sources */ = {isa = PBXBuildFile; fileRef = 2EBA68D22214F512009FD8D1 /* ListViewController.swift */; };
		2EBA68F32214F513009FD8D1 /* CreateTipViewController.swift in Sources */ = {isa = PBXBuildFile; fileRef = 2EBA68D32214F512009FD8D1 /* CreateTipViewController.swift */; };
		2EBA68F42214F513009FD8D1 /* FavoritesViewController.swift in Sources */ = {isa = PBXBuildFile; fileRef = 2EBA68D42214F512009FD8D1 /* FavoritesViewController.swift */; };
		2EBA68F52214F513009FD8D1 /* MainViewController.swift in Sources */ = {isa = PBXBuildFile; fileRef = 2EBA68D52214F512009FD8D1 /* MainViewController.swift */; };
		2EBA68F62214F513009FD8D1 /* ListDetailViewController.swift in Sources */ = {isa = PBXBuildFile; fileRef = 2EBA68D62214F512009FD8D1 /* ListDetailViewController.swift */; };
		2EBA68F72214F513009FD8D1 /* TabBarViewController.swift in Sources */ = {isa = PBXBuildFile; fileRef = 2EBA68D72214F512009FD8D1 /* TabBarViewController.swift */; };
		2EBA68F82214F513009FD8D1 /* FavoriteCell.swift in Sources */ = {isa = PBXBuildFile; fileRef = 2EBA68D92214F513009FD8D1 /* FavoriteCell.swift */; };
		2EBA68F92214F513009FD8D1 /* FavoritesView.swift in Sources */ = {isa = PBXBuildFile; fileRef = 2EBA68DA2214F513009FD8D1 /* FavoritesView.swift */; };
		2EBA68FA2214F513009FD8D1 /* ListView.swift in Sources */ = {isa = PBXBuildFile; fileRef = 2EBA68DB2214F513009FD8D1 /* ListView.swift */; };
		2EBA68FB2214F513009FD8D1 /* CreateTipView.swift in Sources */ = {isa = PBXBuildFile; fileRef = 2EBA68DC2214F513009FD8D1 /* CreateTipView.swift */; };
		2EBA68FC2214F513009FD8D1 /* ListTableViewCell.swift in Sources */ = {isa = PBXBuildFile; fileRef = 2EBA68DD2214F513009FD8D1 /* ListTableViewCell.swift */; };
		2EBA68FD2214F513009FD8D1 /* MainView.swift in Sources */ = {isa = PBXBuildFile; fileRef = 2EBA68DE2214F513009FD8D1 /* MainView.swift */; };
		2EBA68FE2214F513009FD8D1 /* Assets.xcassets in Resources */ = {isa = PBXBuildFile; fileRef = 2EBA68E02214F513009FD8D1 /* Assets.xcassets */; };
		2EBA68FF2214F513009FD8D1 /* LaunchScreen.storyboard in Resources */ = {isa = PBXBuildFile; fileRef = 2EBA68E12214F513009FD8D1 /* LaunchScreen.storyboard */; };
		2EBA69002214F513009FD8D1 /* AppDelegate.swift in Sources */ = {isa = PBXBuildFile; fileRef = 2EBA68E32214F513009FD8D1 /* AppDelegate.swift */; };
		2EBA69012214F513009FD8D1 /* VenueApiClient.swift in Sources */ = {isa = PBXBuildFile; fileRef = 2EBA68E52214F513009FD8D1 /* VenueApiClient.swift */; };
		2EBA69022214F513009FD8D1 /* NetworkHelper.swift in Sources */ = {isa = PBXBuildFile; fileRef = 2EBA68E62214F513009FD8D1 /* NetworkHelper.swift */; };
		2EBA69032214F513009FD8D1 /* AppError.swift in Sources */ = {isa = PBXBuildFile; fileRef = 2EBA68E72214F513009FD8D1 /* AppError.swift */; };
		2EBA69052214FB2A009FD8D1 /* UiController+Alerts.swift in Sources */ = {isa = PBXBuildFile; fileRef = 2EBA69042214FB2A009FD8D1 /* UiController+Alerts.swift */; };
		6123487B221616DE009C41DD /* ListDetailView.swift in Sources */ = {isa = PBXBuildFile; fileRef = 6123487A221616DE009C41DD /* ListDetailView.swift */; };
/* End PBXBuildFile section */

/* Begin PBXFileReference section */
		122577BD22146653002F4C25 /* MapView.swift */ = {isa = PBXFileReference; lastKnownFileType = sourcecode.swift; path = MapView.swift; sourceTree = "<group>"; };
		122577C32214BF97002F4C25 /* MapViewController.swift */ = {isa = PBXFileReference; lastKnownFileType = sourcecode.swift; path = MapViewController.swift; sourceTree = "<group>"; };
		122577C522167336002F4C25 /* SecretKeys.swift */ = {isa = PBXFileReference; lastKnownFileType = sourcecode.swift; path = SecretKeys.swift; sourceTree = "<group>"; };
		1290CDD222175F940061C036 /* SecretKeys.swift */ = {isa = PBXFileReference; lastKnownFileType = sourcecode.swift; path = SecretKeys.swift; sourceTree = "<group>"; };
		12C5D9DC22137C40006F0849 /* MainView.swift */ = {isa = PBXFileReference; lastKnownFileType = sourcecode.swift; path = MainView.swift; sourceTree = "<group>"; };
		2E57C39E220E251100C89FFC /* NavApp.app */ = {isa = PBXFileReference; explicitFileType = wrapper.application; includeInIndex = 0; path = NavApp.app; sourceTree = BUILT_PRODUCTS_DIR; };
		2E57C3AD220E251200C89FFC /* Info.plist */ = {isa = PBXFileReference; lastKnownFileType = text.plist.xml; path = Info.plist; sourceTree = "<group>"; };
		2E57C3B3220E256300C89FFC /* VenuesModel.swift */ = {isa = PBXFileReference; fileEncoding = 4; lastKnownFileType = sourcecode.swift; path = VenuesModel.swift; sourceTree = "<group>"; };
		2E57C3B4220E256300C89FFC /* DataPersistanceManager.swift */ = {isa = PBXFileReference; fileEncoding = 4; lastKnownFileType = sourcecode.swift; path = DataPersistanceManager.swift; sourceTree = "<group>"; };
		2E57C3B5220E256300C89FFC /* Date+Extension.swift */ = {isa = PBXFileReference; fileEncoding = 4; lastKnownFileType = sourcecode.swift; path = "Date+Extension.swift"; sourceTree = "<group>"; };
		2E57C3B6220E256300C89FFC /* NetworkHelper.swift */ = {isa = PBXFileReference; fileEncoding = 4; lastKnownFileType = sourcecode.swift; path = NetworkHelper.swift; sourceTree = "<group>"; };
		2E57C3B7220E256300C89FFC /* String+Extension.swift */ = {isa = PBXFileReference; fileEncoding = 4; lastKnownFileType = sourcecode.swift; path = "String+Extension.swift"; sourceTree = "<group>"; };
		2E57C3B8220E256300C89FFC /* VenueApiClient.swift */ = {isa = PBXFileReference; fileEncoding = 4; lastKnownFileType = sourcecode.swift; path = VenueApiClient.swift; sourceTree = "<group>"; };
		2E57C3B9220E256300C89FFC /* AppError.swift */ = {isa = PBXFileReference; fileEncoding = 4; lastKnownFileType = sourcecode.swift; path = AppError.swift; sourceTree = "<group>"; };
		2E57C3C3220E2A5B00C89FFC /* MainViewController.swift */ = {isa = PBXFileReference; lastKnownFileType = sourcecode.swift; path = MainViewController.swift; sourceTree = "<group>"; };
		2E5999F3220F212F00E10E2C /* ListViewController.swift */ = {isa = PBXFileReference; lastKnownFileType = sourcecode.swift; path = ListViewController.swift; sourceTree = "<group>"; };
		2E5999F7220F26CC00E10E2C /* TabBarViewController.swift */ = {isa = PBXFileReference; lastKnownFileType = sourcecode.swift; path = TabBarViewController.swift; sourceTree = "<group>"; };
		2E73391822122966009F9C54 /* AVenueModel.swift */ = {isa = PBXFileReference; lastKnownFileType = sourcecode.swift; path = AVenueModel.swift; sourceTree = "<group>"; };
		2E73391A22125923009F9C54 /* CollectionModel.swift */ = {isa = PBXFileReference; lastKnownFileType = sourcecode.swift; path = CollectionModel.swift; sourceTree = "<group>"; };
		2E73391C22125CB0009F9C54 /* CreateTipModel.swift */ = {isa = PBXFileReference; lastKnownFileType = sourcecode.swift; path = CreateTipModel.swift; sourceTree = "<group>"; };
		2E73391E221260E0009F9C54 /* TipCreatorHelper.swift */ = {isa = PBXFileReference; lastKnownFileType = sourcecode.swift; path = TipCreatorHelper.swift; sourceTree = "<group>"; };
		2E73392022126224009F9C54 /* CollectionPersistanceHelper.swift */ = {isa = PBXFileReference; lastKnownFileType = sourcecode.swift; path = CollectionPersistanceHelper.swift; sourceTree = "<group>"; };
		2EBA68C52214F512009FD8D1 /* VenuesModel.swift */ = {isa = PBXFileReference; fileEncoding = 4; lastKnownFileType = sourcecode.swift; path = VenuesModel.swift; sourceTree = "<group>"; };
		2EBA68C62214F512009FD8D1 /* AVenueModel.swift */ = {isa = PBXFileReference; fileEncoding = 4; lastKnownFileType = sourcecode.swift; path = AVenueModel.swift; sourceTree = "<group>"; };
		2EBA68C72214F512009FD8D1 /* CreateTipModel.swift */ = {isa = PBXFileReference; fileEncoding = 4; lastKnownFileType = sourcecode.swift; path = CreateTipModel.swift; sourceTree = "<group>"; };
		2EBA68C82214F512009FD8D1 /* CollectionModel.swift */ = {isa = PBXFileReference; fileEncoding = 4; lastKnownFileType = sourcecode.swift; path = CollectionModel.swift; sourceTree = "<group>"; };
		2EBA68CA2214F512009FD8D1 /* DataPersistanceManager.swift */ = {isa = PBXFileReference; fileEncoding = 4; lastKnownFileType = sourcecode.swift; path = DataPersistanceManager.swift; sourceTree = "<group>"; };
		2EBA68CB2214F512009FD8D1 /* TipCreatorHelper.swift */ = {isa = PBXFileReference; fileEncoding = 4; lastKnownFileType = sourcecode.swift; path = TipCreatorHelper.swift; sourceTree = "<group>"; };
		2EBA68CC2214F512009FD8D1 /* CollectionPersistanceHelper.swift */ = {isa = PBXFileReference; fileEncoding = 4; lastKnownFileType = sourcecode.swift; path = CollectionPersistanceHelper.swift; sourceTree = "<group>"; };
		2EBA68CE2214F512009FD8D1 /* Date+Extension.swift */ = {isa = PBXFileReference; fileEncoding = 4; lastKnownFileType = sourcecode.swift; path = "Date+Extension.swift"; sourceTree = "<group>"; };
		2EBA68CF2214F512009FD8D1 /* String+Extension.swift */ = {isa = PBXFileReference; fileEncoding = 4; lastKnownFileType = sourcecode.swift; path = "String+Extension.swift"; sourceTree = "<group>"; };
		2EBA68D22214F512009FD8D1 /* ListViewController.swift */ = {isa = PBXFileReference; fileEncoding = 4; lastKnownFileType = sourcecode.swift; path = ListViewController.swift; sourceTree = "<group>"; };
		2EBA68D32214F512009FD8D1 /* CreateTipViewController.swift */ = {isa = PBXFileReference; fileEncoding = 4; lastKnownFileType = sourcecode.swift; path = CreateTipViewController.swift; sourceTree = "<group>"; };
		2EBA68D42214F512009FD8D1 /* FavoritesViewController.swift */ = {isa = PBXFileReference; fileEncoding = 4; lastKnownFileType = sourcecode.swift; path = FavoritesViewController.swift; sourceTree = "<group>"; };
		2EBA68D52214F512009FD8D1 /* MainViewController.swift */ = {isa = PBXFileReference; fileEncoding = 4; lastKnownFileType = sourcecode.swift; path = MainViewController.swift; sourceTree = "<group>"; };
		2EBA68D62214F512009FD8D1 /* ListDetailViewController.swift */ = {isa = PBXFileReference; fileEncoding = 4; lastKnownFileType = sourcecode.swift; path = ListDetailViewController.swift; sourceTree = "<group>"; };
		2EBA68D72214F512009FD8D1 /* TabBarViewController.swift */ = {isa = PBXFileReference; fileEncoding = 4; lastKnownFileType = sourcecode.swift; path = TabBarViewController.swift; sourceTree = "<group>"; };
		2EBA68D92214F513009FD8D1 /* FavoriteCell.swift */ = {isa = PBXFileReference; fileEncoding = 4; lastKnownFileType = sourcecode.swift; path = FavoriteCell.swift; sourceTree = "<group>"; };
		2EBA68DA2214F513009FD8D1 /* FavoritesView.swift */ = {isa = PBXFileReference; fileEncoding = 4; lastKnownFileType = sourcecode.swift; path = FavoritesView.swift; sourceTree = "<group>"; };
		2EBA68DB2214F513009FD8D1 /* ListView.swift */ = {isa = PBXFileReference; fileEncoding = 4; lastKnownFileType = sourcecode.swift; path = ListView.swift; sourceTree = "<group>"; };
		2EBA68DC2214F513009FD8D1 /* CreateTipView.swift */ = {isa = PBXFileReference; fileEncoding = 4; lastKnownFileType = sourcecode.swift; path = CreateTipView.swift; sourceTree = "<group>"; };
		2EBA68DD2214F513009FD8D1 /* ListTableViewCell.swift */ = {isa = PBXFileReference; fileEncoding = 4; lastKnownFileType = sourcecode.swift; path = ListTableViewCell.swift; sourceTree = "<group>"; };
		2EBA68DE2214F513009FD8D1 /* MainView.swift */ = {isa = PBXFileReference; fileEncoding = 4; lastKnownFileType = sourcecode.swift; path = MainView.swift; sourceTree = "<group>"; };
		2EBA68E02214F513009FD8D1 /* Assets.xcassets */ = {isa = PBXFileReference; lastKnownFileType = folder.assetcatalog; path = Assets.xcassets; sourceTree = "<group>"; };
		2EBA68E22214F513009FD8D1 /* Base */ = {isa = PBXFileReference; lastKnownFileType = file.storyboard; name = Base; path = Base.lproj/LaunchScreen.storyboard; sourceTree = "<group>"; };
		2EBA68E32214F513009FD8D1 /* AppDelegate.swift */ = {isa = PBXFileReference; fileEncoding = 4; lastKnownFileType = sourcecode.swift; path = AppDelegate.swift; sourceTree = "<group>"; };
		2EBA68E52214F513009FD8D1 /* VenueApiClient.swift */ = {isa = PBXFileReference; fileEncoding = 4; lastKnownFileType = sourcecode.swift; path = VenueApiClient.swift; sourceTree = "<group>"; };
		2EBA68E62214F513009FD8D1 /* NetworkHelper.swift */ = {isa = PBXFileReference; fileEncoding = 4; lastKnownFileType = sourcecode.swift; path = NetworkHelper.swift; sourceTree = "<group>"; };
		2EBA68E72214F513009FD8D1 /* AppError.swift */ = {isa = PBXFileReference; fileEncoding = 4; lastKnownFileType = sourcecode.swift; path = AppError.swift; sourceTree = "<group>"; };
		2EBA69042214FB2A009FD8D1 /* UiController+Alerts.swift */ = {isa = PBXFileReference; lastKnownFileType = sourcecode.swift; path = "UiController+Alerts.swift"; sourceTree = "<group>"; };
		6123487A221616DE009C41DD /* ListDetailView.swift */ = {isa = PBXFileReference; lastKnownFileType = sourcecode.swift; path = ListDetailView.swift; sourceTree = "<group>"; };
		61387FB3220E6DE9005907B2 /* FavoritesView.swift */ = {isa = PBXFileReference; lastKnownFileType = sourcecode.swift; path = FavoritesView.swift; sourceTree = "<group>"; };
		61387FB5220E6DFB005907B2 /* FavoritesViewController.swift */ = {isa = PBXFileReference; lastKnownFileType = sourcecode.swift; path = FavoritesViewController.swift; sourceTree = "<group>"; };
		61387FB7220E7904005907B2 /* FavoriteCell.swift */ = {isa = PBXFileReference; lastKnownFileType = sourcecode.swift; path = FavoriteCell.swift; sourceTree = "<group>"; };
/* End PBXFileReference section */

/* Begin PBXFrameworksBuildPhase section */
		2E57C39B220E251100C89FFC /* Frameworks */ = {
			isa = PBXFrameworksBuildPhase;
			buildActionMask = 2147483647;
			files = (
			);
			runOnlyForDeploymentPostprocessing = 0;
		};
/* End PBXFrameworksBuildPhase section */

/* Begin PBXGroup section */
		1290CDD122175D070061C036 /* Recovered References */ = {
			isa = PBXGroup;
			children = (
				61387FB3220E6DE9005907B2 /* FavoritesView.swift */,
				122577BD22146653002F4C25 /* MapView.swift */,
				2E73391822122966009F9C54 /* AVenueModel.swift */,
				2E57C3B4220E256300C89FFC /* DataPersistanceManager.swift */,
				2E73392022126224009F9C54 /* CollectionPersistanceHelper.swift */,
				122577C522167336002F4C25 /* SecretKeys.swift */,
				12C5D9DC22137C40006F0849 /* MainView.swift */,
				2E57C3B5220E256300C89FFC /* Date+Extension.swift */,
				2E57C3B6220E256300C89FFC /* NetworkHelper.swift */,
				122577C32214BF97002F4C25 /* MapViewController.swift */,
				2E5999F7220F26CC00E10E2C /* TabBarViewController.swift */,
				2E73391C22125CB0009F9C54 /* CreateTipModel.swift */,
				2E57C3B9220E256300C89FFC /* AppError.swift */,
				61387FB5220E6DFB005907B2 /* FavoritesViewController.swift */,
				2E57C3B7220E256300C89FFC /* String+Extension.swift */,
				2E57C3C3220E2A5B00C89FFC /* MainViewController.swift */,
				61387FB7220E7904005907B2 /* FavoriteCell.swift */,
				2E57C3B8220E256300C89FFC /* VenueApiClient.swift */,
				2E5999F3220F212F00E10E2C /* ListViewController.swift */,
				2E57C3B3220E256300C89FFC /* VenuesModel.swift */,
				2E73391E221260E0009F9C54 /* TipCreatorHelper.swift */,
				2E73391A22125923009F9C54 /* CollectionModel.swift */,
			);
			name = "Recovered References";
			sourceTree = "<group>";
		};
		2E57C395220E251100C89FFC = {
			isa = PBXGroup;
			children = (
				2E57C3A0220E251100C89FFC /* NavApp */,
				2E57C39F220E251100C89FFC /* Products */,
				1290CDD122175D070061C036 /* Recovered References */,
			);
			sourceTree = "<group>";
		};
		2E57C39F220E251100C89FFC /* Products */ = {
			isa = PBXGroup;
			children = (
				2E57C39E220E251100C89FFC /* NavApp.app */,
			);
			name = Products;
			sourceTree = "<group>";
		};
		2E57C3A0220E251100C89FFC /* NavApp */ = {
			isa = PBXGroup;
			children = (
				2EBA68D12214F512009FD8D1 /* Controllers */,
				2EBA68C92214F512009FD8D1 /* HelperMethods */,
				2EBA68C42214F512009FD8D1 /* Models */,
				2EBA68E42214F513009FD8D1 /* NetworkServices */,
				2EBA68DF2214F513009FD8D1 /* SupportingFiles */,
				2EBA68D82214F513009FD8D1 /* Views */,
				2E57C3AD220E251200C89FFC /* Info.plist */,
			);
			path = NavApp;
			sourceTree = "<group>";
		};
		2EBA68C42214F512009FD8D1 /* Models */ = {
			isa = PBXGroup;
			children = (
				2EBA68C52214F512009FD8D1 /* VenuesModel.swift */,
				2EBA68C62214F512009FD8D1 /* AVenueModel.swift */,
				2EBA68C72214F512009FD8D1 /* CreateTipModel.swift */,
				2EBA68C82214F512009FD8D1 /* CollectionModel.swift */,
			);
			path = Models;
			sourceTree = "<group>";
		};
		2EBA68C92214F512009FD8D1 /* HelperMethods */ = {
			isa = PBXGroup;
			children = (
				2EBA68CA2214F512009FD8D1 /* DataPersistanceManager.swift */,
				2EBA68CB2214F512009FD8D1 /* TipCreatorHelper.swift */,
				1290CDD222175F940061C036 /* SecretKeys.swift */,
				2EBA68CC2214F512009FD8D1 /* CollectionPersistanceHelper.swift */,
				2EBA69042214FB2A009FD8D1 /* UiController+Alerts.swift */,
				2EBA68CD2214F512009FD8D1 /* Extensions */,
			);
			path = HelperMethods;
			sourceTree = "<group>";
		};
		2EBA68CD2214F512009FD8D1 /* Extensions */ = {
			isa = PBXGroup;
			children = (
				2EBA68CE2214F512009FD8D1 /* Date+Extension.swift */,
				2EBA68CF2214F512009FD8D1 /* String+Extension.swift */,
			);
			path = Extensions;
			sourceTree = "<group>";
		};
		2EBA68D12214F512009FD8D1 /* Controllers */ = {
			isa = PBXGroup;
			children = (
				2EBA68D22214F512009FD8D1 /* ListViewController.swift */,
				2EBA68D32214F512009FD8D1 /* CreateTipViewController.swift */,
				2EBA68D42214F512009FD8D1 /* FavoritesViewController.swift */,
				2EBA68D52214F512009FD8D1 /* MainViewController.swift */,
				2EBA68D62214F512009FD8D1 /* ListDetailViewController.swift */,
				2EBA68D72214F512009FD8D1 /* TabBarViewController.swift */,
			);
			path = Controllers;
			sourceTree = "<group>";
		};
		2EBA68D82214F513009FD8D1 /* Views */ = {
			isa = PBXGroup;
			children = (
				2EBA68D92214F513009FD8D1 /* FavoriteCell.swift */,
				6123487A221616DE009C41DD /* ListDetailView.swift */,
				2EBA68DA2214F513009FD8D1 /* FavoritesView.swift */,
				2EBA68DB2214F513009FD8D1 /* ListView.swift */,
				2EBA68DC2214F513009FD8D1 /* CreateTipView.swift */,
				2EBA68DD2214F513009FD8D1 /* ListTableViewCell.swift */,
				2EBA68DE2214F513009FD8D1 /* MainView.swift */,
			);
			path = Views;
			sourceTree = "<group>";
		};
		2EBA68DF2214F513009FD8D1 /* SupportingFiles */ = {
			isa = PBXGroup;
			children = (
				2EBA68E02214F513009FD8D1 /* Assets.xcassets */,
				2EBA68E12214F513009FD8D1 /* LaunchScreen.storyboard */,
				2EBA68E32214F513009FD8D1 /* AppDelegate.swift */,
			);
			path = SupportingFiles;
			sourceTree = "<group>";
		};
		2EBA68E42214F513009FD8D1 /* NetworkServices */ = {
			isa = PBXGroup;
			children = (
				2EBA68E52214F513009FD8D1 /* VenueApiClient.swift */,
				2EBA68E62214F513009FD8D1 /* NetworkHelper.swift */,
				2EBA68E72214F513009FD8D1 /* AppError.swift */,
			);
			path = NetworkServices;
			sourceTree = "<group>";
		};
/* End PBXGroup section */

/* Begin PBXNativeTarget section */
		2E57C39D220E251100C89FFC /* NavApp */ = {
			isa = PBXNativeTarget;
			buildConfigurationList = 2E57C3B0220E251200C89FFC /* Build configuration list for PBXNativeTarget "NavApp" */;
			buildPhases = (
				2E57C39A220E251100C89FFC /* Sources */,
				2E57C39B220E251100C89FFC /* Frameworks */,
				2E57C39C220E251100C89FFC /* Resources */,
			);
			buildRules = (
			);
			dependencies = (
			);
			name = NavApp;
			productName = NavApp;
			productReference = 2E57C39E220E251100C89FFC /* NavApp.app */;
			productType = "com.apple.product-type.application";
		};
/* End PBXNativeTarget section */

/* Begin PBXProject section */
		2E57C396220E251100C89FFC /* Project object */ = {
			isa = PBXProject;
			attributes = {
				LastSwiftUpdateCheck = 1010;
				LastUpgradeCheck = 1010;
				ORGANIZATIONNAME = "Ashli Rankin";
				TargetAttributes = {
					2E57C39D220E251100C89FFC = {
						CreatedOnToolsVersion = 10.1;
						LastSwiftMigration = 1010;
					};
				};
			};
			buildConfigurationList = 2E57C399220E251100C89FFC /* Build configuration list for PBXProject "NavApp" */;
			compatibilityVersion = "Xcode 9.3";
			developmentRegion = en;
			hasScannedForEncodings = 0;
			knownRegions = (
				en,
				Base,
			);
			mainGroup = 2E57C395220E251100C89FFC;
			productRefGroup = 2E57C39F220E251100C89FFC /* Products */;
			projectDirPath = "";
			projectRoot = "";
			targets = (
				2E57C39D220E251100C89FFC /* NavApp */,
			);
		};
/* End PBXProject section */

/* Begin PBXResourcesBuildPhase section */
		2E57C39C220E251100C89FFC /* Resources */ = {
			isa = PBXResourcesBuildPhase;
			buildActionMask = 2147483647;
			files = (
				2EBA68FE2214F513009FD8D1 /* Assets.xcassets in Resources */,
				2EBA68FF2214F513009FD8D1 /* LaunchScreen.storyboard in Resources */,
			);
			runOnlyForDeploymentPostprocessing = 0;
		};
/* End PBXResourcesBuildPhase section */

/* Begin PBXSourcesBuildPhase section */
		2E57C39A220E251100C89FFC /* Sources */ = {
			isa = PBXSourcesBuildPhase;
			buildActionMask = 2147483647;
			files = (
				2EBA68F72214F513009FD8D1 /* TabBarViewController.swift in Sources */,
				2EBA68FA2214F513009FD8D1 /* ListView.swift in Sources */,
				2EBA68FB2214F513009FD8D1 /* CreateTipView.swift in Sources */,
				2EBA69012214F513009FD8D1 /* VenueApiClient.swift in Sources */,
				2EBA69032214F513009FD8D1 /* AppError.swift in Sources */,
				1290CDD322175F940061C036 /* SecretKeys.swift in Sources */,
				2EBA68F42214F513009FD8D1 /* FavoritesViewController.swift in Sources */,
				2EBA68E82214F513009FD8D1 /* VenuesModel.swift in Sources */,
				2EBA69052214FB2A009FD8D1 /* UiController+Alerts.swift in Sources */,
				2EBA68F02214F513009FD8D1 /* String+Extension.swift in Sources */,
				2EBA68FD2214F513009FD8D1 /* MainView.swift in Sources */,
				2EBA68EB2214F513009FD8D1 /* CollectionModel.swift in Sources */,
				2EBA68EA2214F513009FD8D1 /* CreateTipModel.swift in Sources */,
				6123487B221616DE009C41DD /* ListDetailView.swift in Sources */,
				2EBA68F22214F513009FD8D1 /* ListViewController.swift in Sources */,
				2EBA68F92214F513009FD8D1 /* FavoritesView.swift in Sources */,
				2EBA68F52214F513009FD8D1 /* MainViewController.swift in Sources */,
				2EBA68EE2214F513009FD8D1 /* CollectionPersistanceHelper.swift in Sources */,
				2EBA68F62214F513009FD8D1 /* ListDetailViewController.swift in Sources */,
				2EBA68FC2214F513009FD8D1 /* ListTableViewCell.swift in Sources */,
				2EBA69022214F513009FD8D1 /* NetworkHelper.swift in Sources */,
				2EBA68E92214F513009FD8D1 /* AVenueModel.swift in Sources */,
				2EBA68F32214F513009FD8D1 /* CreateTipViewController.swift in Sources */,
				2EBA68EF2214F513009FD8D1 /* Date+Extension.swift in Sources */,
				2EBA68ED2214F513009FD8D1 /* TipCreatorHelper.swift in Sources */,
				2EBA68EC2214F513009FD8D1 /* DataPersistanceManager.swift in Sources */,
				2EBA68F82214F513009FD8D1 /* FavoriteCell.swift in Sources */,
				2EBA69002214F513009FD8D1 /* AppDelegate.swift in Sources */,
			);
			runOnlyForDeploymentPostprocessing = 0;
		};
/* End PBXSourcesBuildPhase section */

/* Begin PBXVariantGroup section */
		2EBA68E12214F513009FD8D1 /* LaunchScreen.storyboard */ = {
			isa = PBXVariantGroup;
			children = (
				2EBA68E22214F513009FD8D1 /* Base */,
			);
			name = LaunchScreen.storyboard;
			sourceTree = "<group>";
		};
/* End PBXVariantGroup section */

/* Begin XCBuildConfiguration section */
		2E57C3AE220E251200C89FFC /* Debug */ = {
			isa = XCBuildConfiguration;
			buildSettings = {
				ALWAYS_SEARCH_USER_PATHS = NO;
				CLANG_ANALYZER_NONNULL = YES;
				CLANG_ANALYZER_NUMBER_OBJECT_CONVERSION = YES_AGGRESSIVE;
				CLANG_CXX_LANGUAGE_STANDARD = "gnu++14";
				CLANG_CXX_LIBRARY = "libc++";
				CLANG_ENABLE_MODULES = YES;
				CLANG_ENABLE_OBJC_ARC = YES;
				CLANG_ENABLE_OBJC_WEAK = YES;
				CLANG_WARN_BLOCK_CAPTURE_AUTORELEASING = YES;
				CLANG_WARN_BOOL_CONVERSION = YES;
				CLANG_WARN_COMMA = YES;
				CLANG_WARN_CONSTANT_CONVERSION = YES;
				CLANG_WARN_DEPRECATED_OBJC_IMPLEMENTATIONS = YES;
				CLANG_WARN_DIRECT_OBJC_ISA_USAGE = YES_ERROR;
				CLANG_WARN_DOCUMENTATION_COMMENTS = YES;
				CLANG_WARN_EMPTY_BODY = YES;
				CLANG_WARN_ENUM_CONVERSION = YES;
				CLANG_WARN_INFINITE_RECURSION = YES;
				CLANG_WARN_INT_CONVERSION = YES;
				CLANG_WARN_NON_LITERAL_NULL_CONVERSION = YES;
				CLANG_WARN_OBJC_IMPLICIT_RETAIN_SELF = YES;
				CLANG_WARN_OBJC_LITERAL_CONVERSION = YES;
				CLANG_WARN_OBJC_ROOT_CLASS = YES_ERROR;
				CLANG_WARN_RANGE_LOOP_ANALYSIS = YES;
				CLANG_WARN_STRICT_PROTOTYPES = YES;
				CLANG_WARN_SUSPICIOUS_MOVE = YES;
				CLANG_WARN_UNGUARDED_AVAILABILITY = YES_AGGRESSIVE;
				CLANG_WARN_UNREACHABLE_CODE = YES;
				CLANG_WARN__DUPLICATE_METHOD_MATCH = YES;
				CODE_SIGN_IDENTITY = "iPhone Developer";
				COPY_PHASE_STRIP = NO;
				DEBUG_INFORMATION_FORMAT = dwarf;
				ENABLE_STRICT_OBJC_MSGSEND = YES;
				ENABLE_TESTABILITY = YES;
				GCC_C_LANGUAGE_STANDARD = gnu11;
				GCC_DYNAMIC_NO_PIC = NO;
				GCC_NO_COMMON_BLOCKS = YES;
				GCC_OPTIMIZATION_LEVEL = 0;
				GCC_PREPROCESSOR_DEFINITIONS = (
					"DEBUG=1",
					"$(inherited)",
				);
				GCC_WARN_64_TO_32_BIT_CONVERSION = YES;
				GCC_WARN_ABOUT_RETURN_TYPE = YES_ERROR;
				GCC_WARN_UNDECLARED_SELECTOR = YES;
				GCC_WARN_UNINITIALIZED_AUTOS = YES_AGGRESSIVE;
				GCC_WARN_UNUSED_FUNCTION = YES;
				GCC_WARN_UNUSED_VARIABLE = YES;
				IPHONEOS_DEPLOYMENT_TARGET = 12.1;
				MTL_ENABLE_DEBUG_INFO = INCLUDE_SOURCE;
				MTL_FAST_MATH = YES;
				ONLY_ACTIVE_ARCH = YES;
				SDKROOT = iphoneos;
				SWIFT_ACTIVE_COMPILATION_CONDITIONS = DEBUG;
				SWIFT_OPTIMIZATION_LEVEL = "-Onone";
			};
			name = Debug;
		};
		2E57C3AF220E251200C89FFC /* Release */ = {
			isa = XCBuildConfiguration;
			buildSettings = {
				ALWAYS_SEARCH_USER_PATHS = NO;
				CLANG_ANALYZER_NONNULL = YES;
				CLANG_ANALYZER_NUMBER_OBJECT_CONVERSION = YES_AGGRESSIVE;
				CLANG_CXX_LANGUAGE_STANDARD = "gnu++14";
				CLANG_CXX_LIBRARY = "libc++";
				CLANG_ENABLE_MODULES = YES;
				CLANG_ENABLE_OBJC_ARC = YES;
				CLANG_ENABLE_OBJC_WEAK = YES;
				CLANG_WARN_BLOCK_CAPTURE_AUTORELEASING = YES;
				CLANG_WARN_BOOL_CONVERSION = YES;
				CLANG_WARN_COMMA = YES;
				CLANG_WARN_CONSTANT_CONVERSION = YES;
				CLANG_WARN_DEPRECATED_OBJC_IMPLEMENTATIONS = YES;
				CLANG_WARN_DIRECT_OBJC_ISA_USAGE = YES_ERROR;
				CLANG_WARN_DOCUMENTATION_COMMENTS = YES;
				CLANG_WARN_EMPTY_BODY = YES;
				CLANG_WARN_ENUM_CONVERSION = YES;
				CLANG_WARN_INFINITE_RECURSION = YES;
				CLANG_WARN_INT_CONVERSION = YES;
				CLANG_WARN_NON_LITERAL_NULL_CONVERSION = YES;
				CLANG_WARN_OBJC_IMPLICIT_RETAIN_SELF = YES;
				CLANG_WARN_OBJC_LITERAL_CONVERSION = YES;
				CLANG_WARN_OBJC_ROOT_CLASS = YES_ERROR;
				CLANG_WARN_RANGE_LOOP_ANALYSIS = YES;
				CLANG_WARN_STRICT_PROTOTYPES = YES;
				CLANG_WARN_SUSPICIOUS_MOVE = YES;
				CLANG_WARN_UNGUARDED_AVAILABILITY = YES_AGGRESSIVE;
				CLANG_WARN_UNREACHABLE_CODE = YES;
				CLANG_WARN__DUPLICATE_METHOD_MATCH = YES;
				CODE_SIGN_IDENTITY = "iPhone Developer";
				COPY_PHASE_STRIP = NO;
				DEBUG_INFORMATION_FORMAT = "dwarf-with-dsym";
				ENABLE_NS_ASSERTIONS = NO;
				ENABLE_STRICT_OBJC_MSGSEND = YES;
				GCC_C_LANGUAGE_STANDARD = gnu11;
				GCC_NO_COMMON_BLOCKS = YES;
				GCC_WARN_64_TO_32_BIT_CONVERSION = YES;
				GCC_WARN_ABOUT_RETURN_TYPE = YES_ERROR;
				GCC_WARN_UNDECLARED_SELECTOR = YES;
				GCC_WARN_UNINITIALIZED_AUTOS = YES_AGGRESSIVE;
				GCC_WARN_UNUSED_FUNCTION = YES;
				GCC_WARN_UNUSED_VARIABLE = YES;
				IPHONEOS_DEPLOYMENT_TARGET = 12.1;
				MTL_ENABLE_DEBUG_INFO = NO;
				MTL_FAST_MATH = YES;
				SDKROOT = iphoneos;
				SWIFT_COMPILATION_MODE = wholemodule;
				SWIFT_OPTIMIZATION_LEVEL = "-O";
				VALIDATE_PRODUCT = YES;
			};
			name = Release;
		};
		2E57C3B1220E251200C89FFC /* Debug */ = {
			isa = XCBuildConfiguration;
			buildSettings = {
				ASSETCATALOG_COMPILER_APPICON_NAME = AppIcon;
				CLANG_ENABLE_MODULES = YES;
				CODE_SIGN_STYLE = Automatic;
				DEVELOPMENT_TEAM = D9PD329X4J;
				INFOPLIST_FILE = NavApp/Info.plist;
				IPHONEOS_DEPLOYMENT_TARGET = 12.1;
				LD_RUNPATH_SEARCH_PATHS = (
					"$(inherited)",
					"@executable_path/Frameworks",
				);
				PRODUCT_BUNDLE_IDENTIFIER = com.wmn4future.NavApp;
				PRODUCT_NAME = "$(TARGET_NAME)";
				SWIFT_OPTIMIZATION_LEVEL = "-Onone";
				SWIFT_VERSION = 4.2;
				TARGETED_DEVICE_FAMILY = "1,2";
			};
			name = Debug;
		};
		2E57C3B2220E251200C89FFC /* Release */ = {
			isa = XCBuildConfiguration;
			buildSettings = {
				ASSETCATALOG_COMPILER_APPICON_NAME = AppIcon;
				CLANG_ENABLE_MODULES = YES;
				CODE_SIGN_STYLE = Automatic;
				DEVELOPMENT_TEAM = D9PD329X4J;
				INFOPLIST_FILE = NavApp/Info.plist;
				IPHONEOS_DEPLOYMENT_TARGET = 12.1;
				LD_RUNPATH_SEARCH_PATHS = (
					"$(inherited)",
					"@executable_path/Frameworks",
				);
				PRODUCT_BUNDLE_IDENTIFIER = com.wmn4future.NavApp;
				PRODUCT_NAME = "$(TARGET_NAME)";
				SWIFT_VERSION = 4.2;
				TARGETED_DEVICE_FAMILY = "1,2";
			};
			name = Release;
		};
/* End XCBuildConfiguration section */

/* Begin XCConfigurationList section */
		2E57C399220E251100C89FFC /* Build configuration list for PBXProject "NavApp" */ = {
			isa = XCConfigurationList;
			buildConfigurations = (
				2E57C3AE220E251200C89FFC /* Debug */,
				2E57C3AF220E251200C89FFC /* Release */,
			);
			defaultConfigurationIsVisible = 0;
			defaultConfigurationName = Release;
		};
		2E57C3B0220E251200C89FFC /* Build configuration list for PBXNativeTarget "NavApp" */ = {
			isa = XCConfigurationList;
			buildConfigurations = (
				2E57C3B1220E251200C89FFC /* Debug */,
				2E57C3B2220E251200C89FFC /* Release */,
			);
			defaultConfigurationIsVisible = 0;
			defaultConfigurationName = Release;
		};
/* End XCConfigurationList section */
	};
	rootObject = 2E57C396220E251100C89FFC /* Project object */;
}
